
Microsoft Visual Studio Solution File, Format Version 12.00
# Visual Studio Version 17
VisualStudioVersion = 17.7.34221.43
MinimumVisualStudioVersion = 10.0.40219.1
Project("{FAE04EC0-301F-11D3-BF4B-00C04F79EFBC}") = "AppTheoDoiCamera", "AppTheoDoiCamera\AppTheoDoiCamera.csproj", "{6242C3C4-D577-463A-96CC-50C3D0C487BC}"
EndProject
Global
	GlobalSection(SolutionConfigurationPlatforms) = preSolution
		Debug|Any CPU = Debug|Any CPU
		Release|Any CPU = Release|Any CPU
	EndGlobalSection
	GlobalSection(ProjectConfigurationPlatforms) = postSolution
		{6242C3C4-D577-463A-96CC-50C3D0C487BC}.Debug|Any CPU.ActiveCfg = Debug|Any CPU
		{6242C3C4-D577-463A-96CC-50C3D0C487BC}.Debug|Any CPU.Build.0 = Debug|Any CPU
		{6242C3C4-D577-463A-96CC-50C3D0C487BC}.Release|Any CPU.ActiveCfg = Release|Any CPU
		{6242C3C4-D577-463A-96CC-50C3D0C487BC}.Release|Any CPU.Build.0 = Release|Any CPU
	EndGlobalSection
	GlobalSection(SolutionProperties) = preSolution
		HideSolutionNode = FALSE
	EndGlobalSection
	GlobalSection(ExtensibilityGlobals) = postSolution
		SolutionGuid = {7A24B012-296F-45E2-9079-7D65089BD861}
	EndGlobalSection
EndGlobal
